<?xml version="1.0" encoding="utf-8"?>
<Project ToolsVersion="4.0" xmlns="http://schemas.microsoft.com/developer/msbuild/2003">
  <ItemGroup>
    <Filter Include="Source Files">
      <UniqueIdentifier>{36446e05-b580-49a2-b021-5be4adb0112c}</UniqueIdentifier>
      <Extensions>cpp;c;cxx;rc;def;r;odl;idl;hpj;bat</Extensions>
    </Filter>
    <Filter Include="Header Files">
      <UniqueIdentifier>{9c7c0195-cc92-4109-8648-3699962144c6}</UniqueIdentifier>
      <Extensions>h;hpp;hxx;hm;inl</Extensions>
    </Filter>
    <Filter Include="Resource Files">
      <UniqueIdentifier>{08d77dd0-b550-4c6f-bccf-3f692bc60a68}</UniqueIdentifier>
      <Extensions>ico;cur;bmp;dlg;rc2;rct;bin;rgs;gif;jpg;jpeg;jpe</Extensions>
    </Filter>
  </ItemGroup>
  <ItemGroup>
    <ClCompile Include="decompcb.c">
      <Filter>Source Files</Filter>
    </ClCompile>
    <ClCompile Include="inscript.c">
      <Filter>Source Files</Filter>
    </ClCompile>
    <ClCompile Include="kangxi.c">
      <Filter>Source Files</Filter>
    </ClCompile>
    <ClCompile Include="lx_cpputils.cpp">
      <Filter>Source Files</Filter>
    </ClCompile>
    <ClCompile Include="lx_utils.c">
      <Filter>Source Files</Filter>
    </ClCompile>
    <ClCompile Include="syriac.cpp">
      <Filter>Source Files</Filter>
    </ClCompile>
    <ClCompile Include="syrinput.c">
      <Filter>Source Files</Filter>
    </ClCompile>
    <ClCompile Include="ures_additions.cpp">
      <Filter>Source Files</Filter>
    </ClCompile>
    <ClCompile Include="utimzone.cpp">
      <Filter>Source Files</Filter>
    </ClCompile>
  </ItemGroup>
  <ItemGroup>
    <CustomBuild Include="unicode\collectcb.h">
      <Filter>Header Files</Filter>
    </CustomBuild>
    <CustomBuild Include="unicode\decompcb.h">
      <Filter>Header Files</Filter>
    </CustomBuild>
    <CustomBuild Include="unicode\devtables.h">
      <Filter>Header Files</Filter>
    </CustomBuild>
    <CustomBuild Include="unicode\fonted_imp.h">
      <Filter>Header Files</Filter>
    </CustomBuild>
    <CustomBuild Include="unicode\fontedcb.h">
      <Filter>Header Files</Filter>
    </CustomBuild>
    <CustomBuild Include="unicode\kangxi.h">
      <Filter>Header Files</Filter>
    </CustomBuild>
    <CustomBuild Include="unicode\lx_utils.h">
      <Filter>Header Files</Filter>
    </CustomBuild>
    <CustomBuild Include="unicode\syrinput.h">
      <Filter>Header Files</Filter>
    </CustomBuild>
    <CustomBuild Include="unicode\syrtables.h">
      <Filter>Header Files</Filter>
    </CustomBuild>
    <CustomBuild Include="unicode\translitcb.h">
      <Filter>Header Files</Filter>
    </CustomBuild>
    <CustomBuild Include="unicode\ures_additions.h">
      <Filter>Header Files</Filter>
    </CustomBuild>
    <CustomBuild Include="unicode\utimzone.h">
      <Filter>Header Files</Filter>
    </CustomBuild>
  </ItemGroup>
</Project>