
Microsoft Visual Studio Solution File, Format Version 10.00
# Visual C# Express 2008
Project("{FAE04EC0-301F-11D3-BF4B-00C04F79EFBC}") = "PerformanceTest", "PerformanceTest\PerformanceTest.csproj", "{A3CE7C4B-FC74-4224-9117-2D0F7C3264DB}"
EndProject
Global
	GlobalSection(SolutionConfigurationPlatforms) = preSolution
		Debug|Any CPU = Debug|Any CPU
		Release|Any CPU = Release|Any CPU
	EndGlobalSection
	GlobalSection(ProjectConfigurationPlatforms) = postSolution
		{A3CE7C4B-FC74-4224-9117-2D0F7C3264DB}.Debug|Any CPU.ActiveCfg = Debug|Any CPU
		{A3CE7C4B-FC74-4224-9117-2D0F7C3264DB}.Debug|Any CPU.Build.0 = Debug|Any CPU
		{A3CE7C4B-FC74-4224-9117-2D0F7C3264DB}.Release|Any CPU.ActiveCfg = Release|Any CPU
		{A3CE7C4B-FC74-4224-9117-2D0F7C3264DB}.Release|Any CPU.Build.0 = Release|Any CPU
	EndGlobalSection
	GlobalSection(SolutionProperties) = preSolution
		HideSolutionNode = FALSE
	EndGlobalSection
EndGlobal
