<?xml version="1.0" encoding="utf-8"?>
<Project ToolsVersion="4.0" xmlns="http://schemas.microsoft.com/developer/msbuild/2003">
  <ItemGroup>
    <Filter Include="Source Files">
      <UniqueIdentifier>{ed1662c2-ac3f-4b47-a34e-c6e4c32153cc}</UniqueIdentifier>
      <Extensions>cpp;c;cxx;rc;def;r;odl;idl;hpj;bat</Extensions>
    </Filter>
    <Filter Include="Header Files">
      <UniqueIdentifier>{e67bc1e6-c91f-4a7b-ab1b-a5cad101d288}</UniqueIdentifier>
      <Extensions>h;hpp;hxx;hm;inl</Extensions>
    </Filter>
    <Filter Include="Resource Files">
      <UniqueIdentifier>{4116ac90-5d3a-4641-bc47-d70cc2933e00}</UniqueIdentifier>
      <Extensions>ico;cur;bmp;dlg;rc2;rct;bin;rgs;gif;jpg;jpeg;jpe</Extensions>
    </Filter>
  </ItemGroup>
  <ItemGroup>
    <ClCompile Include="biditst.cpp">
      <Filter>Source Files</Filter>
    </ClCompile>
    <ClCompile Include="cppcnvt.cpp">
      <Filter>Source Files</Filter>
    </ClCompile>
    <ClCompile Include="intltest.cpp">
      <Filter>Source Files</Filter>
    </ClCompile>
    <ClCompile Include="itconv.cpp">
      <Filter>Source Files</Filter>
    </ClCompile>
    <ClCompile Include="itmajor.cpp">
      <Filter>Source Files</Filter>
    </ClCompile>
    <ClCompile Include="itutil.cpp">
      <Filter>Source Files</Filter>
    </ClCompile>
    <ClCompile Include="ucdtest.cpp">
      <Filter>Source Files</Filter>
    </ClCompile>
  </ItemGroup>
  <ItemGroup>
    <CustomBuild Include="..\testdata\README.TXT">
      <Filter>Source Files</Filter>
    </CustomBuild>
  </ItemGroup>
</Project>