<?xml version="1.0" encoding="utf-8"?>
<Project ToolsVersion="4.0" xmlns="http://schemas.microsoft.com/developer/msbuild/2003">
  <ItemGroup>
    <Filter Include="Source Files">
      <UniqueIdentifier>{2a740208-20ca-4586-8711-c19eb6cb9827}</UniqueIdentifier>
      <Extensions>cpp;c;cxx;rc;def;r;odl;idl;hpj;bat</Extensions>
    </Filter>
    <Filter Include="Header Files">
      <UniqueIdentifier>{9250ce2a-6fa7-4d3f-b50f-3882e280d20b}</UniqueIdentifier>
      <Extensions>h;hpp;hxx;hm;inl</Extensions>
    </Filter>
    <Filter Include="Resource Files">
      <UniqueIdentifier>{3ef652e2-c4ec-4ac0-841e-41cfd8f5a884}</UniqueIdentifier>
      <Extensions>ico;cur;bmp;dlg;rc2;rct;bin;rgs;gif;jpg;jpeg;jpe</Extensions>
    </Filter>
  </ItemGroup>
  <ItemGroup>
    <ClCompile Include="getcgi.c">
      <Filter>Source Files</Filter>
    </ClCompile>
    <ClCompile Include="main.cpp">
      <Filter>Source Files</Filter>
    </ClCompile>
    <ClCompile Include="TemplateCGI.cpp">
      <Filter>Source Files</Filter>
    </ClCompile>
    <ClCompile Include="TextCache.cpp">
      <Filter>Source Files</Filter>
    </ClCompile>
    <ClCompile Include="TransliteratorCGI.cpp">
      <Filter>Source Files</Filter>
    </ClCompile>
    <ClCompile Include="util.cpp">
      <Filter>Source Files</Filter>
    </ClCompile>
  </ItemGroup>
  <ItemGroup>
    <ClInclude Include="cmemory.h">
      <Filter>Header Files</Filter>
    </ClInclude>
    <ClInclude Include="cstring.h">
      <Filter>Header Files</Filter>
    </ClInclude>
    <ClInclude Include="hash.h">
      <Filter>Header Files</Filter>
    </ClInclude>
    <ClInclude Include="TemplateCGI.h">
      <Filter>Header Files</Filter>
    </ClInclude>
    <ClInclude Include="TextCache.h">
      <Filter>Header Files</Filter>
    </ClInclude>
    <ClInclude Include="TransliteratorCGI.h">
      <Filter>Header Files</Filter>
    </ClInclude>
    <ClInclude Include="util.h">
      <Filter>Header Files</Filter>
    </ClInclude>
  </ItemGroup>
</Project>