Microsoft Visual Studio Solution File, Format Version 8.00
Project("{8BC9CEB8-8B4A-11D0-8D11-00A0C91BC942}") = "scompare", "scompare.vcproj", "{F4E8422B-9C62-4771-B37E-1F9309291C70}"
	ProjectSection(ProjectDependencies) = postProject
	EndProjectSection
EndProject
Global
	GlobalSection(SolutionConfiguration) = preSolution
		Debug = Debug
		Release = Release
	EndGlobalSection
	GlobalSection(ProjectConfiguration) = postSolution
		{F4E8422B-9C62-4771-B37E-1F9309291C70}.Debug.ActiveCfg = Debug|Win32
		{F4E8422B-9C62-4771-B37E-1F9309291C70}.Debug.Build.0 = Debug|Win32
		{F4E8422B-9C62-4771-B37E-1F9309291C70}.Release.ActiveCfg = Release|Win32
		{F4E8422B-9C62-4771-B37E-1F9309291C70}.Release.Build.0 = Release|Win32
	EndGlobalSection
	GlobalSection(ExtensibilityGlobals) = postSolution
	EndGlobalSection
	GlobalSection(ExtensibilityAddIns) = postSolution
	EndGlobalSection
EndGlobal
